
Microsoft Visual Studio Solution File, Format Version 12.00
# Visual Studio Version 17
VisualStudioVersion = 17.14.37328.6 d17.14
MinimumVisualStudioVersion = 10.0.40219.1
Project("{FAE04EC0-301F-11D3-BF4B-00C04F79EFBC}") = "Tool_Shop", "Tool_Shop.csproj", "{F340C2E4-3B0F-4D7F-9050-5BEAC0868EC1}"
EndProject
Global
	GlobalSection(SolutionConfigurationPlatforms) = preSolution
		Debug|Any CPU = Debug|Any CPU
		Release|Any CPU = Release|Any CPU
	EndGlobalSection
	GlobalSection(ProjectConfigurationPlatforms) = postSolution
		{F340C2E4-3B0F-4D7F-9050-5BEAC0868EC1}.Debug|Any CPU.ActiveCfg = Debug|Any CPU
		{F340C2E4-3B0F-4D7F-9050-5BEAC0868EC1}.Debug|Any CPU.Build.0 = Debug|Any CPU
		{F340C2E4-3B0F-4D7F-9050-5BEAC0868EC1}.Release|Any CPU.ActiveCfg = Release|Any CPU
		{F340C2E4-3B0F-4D7F-9050-5BEAC0868EC1}.Release|Any CPU.Build.0 = Release|Any CPU
	EndGlobalSection
	GlobalSection(SolutionProperties) = preSolution
		HideSolutionNode = FALSE
	EndGlobalSection
	GlobalSection(ExtensibilityGlobals) = postSolution
		SolutionGuid = {8D44296F-1F1E-4CF7-94B7-A10CE717C96E}
	EndGlobalSection
EndGlobal
